
Microsoft Visual Studio Solution File, Format Version 12.00
# Visual Studio Version 17
VisualStudioVersion = 17.7.34031.279
MinimumVisualStudioVersion = 10.0.40219.1
Project("{FAE04EC0-301F-11D3-BF4B-00C04F79EFBC}") = "GuessTheNumber", "GuessTheNumber.csproj", "{86F67CD1-CFA4-4F04-91BE-73656CB50115}"
EndProject
Global
	GlobalSection(SolutionConfigurationPlatforms) = preSolution
		Debug|Any CPU = Debug|Any CPU
		Release|Any CPU = Release|Any CPU
	EndGlobalSection
	GlobalSection(ProjectConfigurationPlatforms) = postSolution
		{86F67CD1-CFA4-4F04-91BE-73656CB50115}.Debug|Any CPU.ActiveCfg = Debug|Any CPU
		{86F67CD1-CFA4-4F04-91BE-73656CB50115}.Debug|Any CPU.Build.0 = Debug|Any CPU
		{86F67CD1-CFA4-4F04-91BE-73656CB50115}.Release|Any CPU.ActiveCfg = Release|Any CPU
		{86F67CD1-CFA4-4F04-91BE-73656CB50115}.Release|Any CPU.Build.0 = Release|Any CPU
	EndGlobalSection
	GlobalSection(SolutionProperties) = preSolution
		HideSolutionNode = FALSE
	EndGlobalSection
	GlobalSection(ExtensibilityGlobals) = postSolution
		SolutionGuid = {90692990-F00B-4B84-B3E9-987E4DB67BB3}
	EndGlobalSection
EndGlobal
